# This file was autogenerated by Stack.
# You should not edit this file by hand.
# For more information, please see the documentation at:
#   https://docs.haskellstack.org/en/stable/lock_files

packages:
- completed:
    hackage: pandoc-types-1.23@sha256:bf5eac74d6b805520bd57a7be12af09370edde1a86ebffa9ff83eb9c9d860041,4140
    pantry-tree:
      sha256: 26e9cbed29980acc5fe0dcf5c427d9eb414c044f87d2447c36f588fd73b02dca
      size: 737
  original:
    hackage: pandoc-types-1.23
snapshots:
- completed:
    sha256: c632012da648385b9fa3c29f4e0afd56ead299f1c5528ee789058be410e883c0
    size: 585393
    url: https://raw.githubusercontent.com/commercialhaskell/stackage-snapshots/master/lts/18/0.yaml
  original: lts-18.0
